{
  "name": "@wunderio/ddev-agents-monorepo",
  "version": "1.0.0",
  "lockfileVersion": 3,
  "requires": true,
  "packages": {
    "": {
      "name": "@wunderio/ddev-agents-monorepo",
      "version": "1.0.0",
      "workspaces": [
        "packages/*"
      ],
      "devDependencies": {
        "@types/node": "^22.0.0",
        "@wunderio/agents-core": "^1.0.0",
        "@wunderio/node-agents": "^1.0.0"
      },
      "engines": {
        "node": ">=20"
      }
    },
    "node_modules/@types/node": {
      "version": "22.20.1",
      "dev": true,
      "license": "MIT",
      "dependencies": {
        "undici-types": "~6.21.0"
      }
    },
    "node_modules/@wunderio/agents-core": {
      "resolved": "packages/core",
      "link": true
    },
    "node_modules/@wunderio/node-agents": {
      "resolved": "packages/npm-cli",
      "link": true
    },
    "node_modules/undici-types": {
      "version": "6.21.0",
      "dev": true,
      "license": "MIT"
    },
    "packages/core": {
      "name": "@wunderio/agents-core",
      "version": "1.0.0",
      "engines": {
        "node": ">=20"
      }
    },
    "packages/npm-cli": {
      "name": "@wunderio/node-agents",
      "version": "1.0.0",
      "dependencies": {
        "@wunderio/agents-core": "^1.0.0"
      },
      "bin": {
        "agents": "bin/agents"
      },
      "engines": {
        "node": ">=20"
      }
    }
  }
}
